<Solution>
  <Folder Name="/Libs/">
    <Project Path="../VpnHood/Src/Core/VpnHood.Core.Packets/VpnHood.Core.Packets.csproj" />
    <Project Path="../VpnHood/Src/Core/VpnHood.Core.PacketTransports/VpnHood.Core.PacketTransports.csproj" />
    <Project Path="../VpnHood/Src/Core/VpnHood.Core.Toolkit/VpnHood.Core.Toolkit.csproj" />
    <Project Path="../VpnHood/Src/Core/VpnHood.Core.VpnAdapters.Abstractions/VpnHood.Core.VpnAdapters.Abstractions.csproj" />
    <Project Path="../VpnHood/Src/Core/VpnHood.Core.VpnAdapters.AndroidTun/VpnHood.Core.VpnAdapters.AndroidTun.csproj" />
    <Project Path="../VpnHood/Src/Core/VpnHood.Core.VpnAdapters.WinDivert/VpnHood.Core.VpnAdapters.WinDivert.csproj" />
  </Folder>
  <Folder Name="/Solution Items/">
    <File Path=".github/copilot-instructions.md" />
    <File Path="README.md" />
  </Folder>`n  
  
  
  
  <Project Path="../VpnHood/Src/Core/VpnHood.Core.TcpStack.Abstractions/VpnHood.Core.TcpStack.Abstractions.csproj" />
  <Project Path="../VpnHood/Src/Core/VpnHood.Core.TcpStack/VpnHood.Core.TcpStack.csproj" />
  <Project Path="../VpnHood/Tests/VpnHood.Core.TcpStack.Test/VpnHood.Core.TcpStack.Test.csproj" />
  <Project Path="VpnHood.Core.TcpStack.AndroidTest/VpnHood.Core.TcpStack.AndroidTest.csproj">
    <Deploy />
  </Project>
</Solution>
